
Microsoft Visual Studio Solution File, Format Version 12.00
# Visual Studio 2013
VisualStudioVersion = 12.0.40629.0
MinimumVisualStudioVersion = 10.0.40219.1
Project("{2150E333-8FDC-42A3-9474-1A3956D46DE8}") = "src", "src", "{52DBDF21-67E5-46F6-B06D-989601B9279B}"
EndProject
Project("{2150E333-8FDC-42A3-9474-1A3956D46DE8}") = "tests", "tests", "{93AD35D9-0902-4CB5-B16D-70C25248AE7C}"
EndProject
Project("{2150E333-8FDC-42A3-9474-1A3956D46DE8}") = ".nuget", ".nuget", "{E2099940-3425-43B3-924B-2727869DBFCB}"
	ProjectSection(SolutionItems) = preProject
		.nuget\packages.config = .nuget\packages.config
	EndProjectSection
EndProject
Project("{FAE04EC0-301F-11D3-BF4B-00C04F79EFBC}") = "NBench.VisualStudio.TestAdapter", "src\NBench.VisualStudio.TestAdapter\NBench.VisualStudio.TestAdapter.csproj", "{14CADB1F-53E0-4D9A-9F8B-44810409ACBF}"
EndProject
Project("{FAE04EC0-301F-11D3-BF4B-00C04F79EFBC}") = "NBench.VisualStudio.TestAdapter.Tests.Unit", "tests\NBench.VisualStudio.TestAdapter.Tests.Unit\NBench.VisualStudio.TestAdapter.Tests.Unit.csproj", "{9FF8DF16-C838-49B4-A05C-F94765113231}"
EndProject
Global
	GlobalSection(SolutionConfigurationPlatforms) = preSolution
		Debug|Any CPU = Debug|Any CPU
		Release|Any CPU = Release|Any CPU
	EndGlobalSection
	GlobalSection(ProjectConfigurationPlatforms) = postSolution
		{14CADB1F-53E0-4D9A-9F8B-44810409ACBF}.Debug|Any CPU.ActiveCfg = Debug|Any CPU
		{14CADB1F-53E0-4D9A-9F8B-44810409ACBF}.Debug|Any CPU.Build.0 = Debug|Any CPU
		{14CADB1F-53E0-4D9A-9F8B-44810409ACBF}.Release|Any CPU.ActiveCfg = Release|Any CPU
		{14CADB1F-53E0-4D9A-9F8B-44810409ACBF}.Release|Any CPU.Build.0 = Release|Any CPU
		{9FF8DF16-C838-49B4-A05C-F94765113231}.Debug|Any CPU.ActiveCfg = Debug|Any CPU
		{9FF8DF16-C838-49B4-A05C-F94765113231}.Debug|Any CPU.Build.0 = Debug|Any CPU
		{9FF8DF16-C838-49B4-A05C-F94765113231}.Release|Any CPU.ActiveCfg = Release|Any CPU
		{9FF8DF16-C838-49B4-A05C-F94765113231}.Release|Any CPU.Build.0 = Release|Any CPU
	EndGlobalSection
	GlobalSection(SolutionProperties) = preSolution
		HideSolutionNode = FALSE
	EndGlobalSection
	GlobalSection(NestedProjects) = preSolution
		{14CADB1F-53E0-4D9A-9F8B-44810409ACBF} = {52DBDF21-67E5-46F6-B06D-989601B9279B}
		{9FF8DF16-C838-49B4-A05C-F94765113231} = {93AD35D9-0902-4CB5-B16D-70C25248AE7C}
	EndGlobalSection
EndGlobal
